
Microsoft Visual Studio Solution File, Format Version 12.00
# Visual Studio 15
VisualStudioVersion = 15.0.28307.1300
MinimumVisualStudioVersion = 10.0.40219.1
Project("{9A19103F-16F7-4668-BE54-9A1E7A4F7556}") = "GoldenMod", "GoldenMod.csproj", "{FE5E22FE-7F6A-4169-9F3E-ECDD05CD66A4}"
EndProject
Global
	GlobalSection(SolutionConfigurationPlatforms) = preSolution
		Debug|Any CPU = Debug|Any CPU
		Release|Any CPU = Release|Any CPU
	EndGlobalSection
	GlobalSection(ProjectConfigurationPlatforms) = postSolution
		{FE5E22FE-7F6A-4169-9F3E-ECDD05CD66A4}.Debug|Any CPU.ActiveCfg = Debug|Any CPU
		{FE5E22FE-7F6A-4169-9F3E-ECDD05CD66A4}.Debug|Any CPU.Build.0 = Debug|Any CPU
		{FE5E22FE-7F6A-4169-9F3E-ECDD05CD66A4}.Release|Any CPU.ActiveCfg = Release|Any CPU
		{FE5E22FE-7F6A-4169-9F3E-ECDD05CD66A4}.Release|Any CPU.Build.0 = Release|Any CPU
	EndGlobalSection
	GlobalSection(SolutionProperties) = preSolution
		HideSolutionNode = FALSE
	EndGlobalSection
	GlobalSection(ExtensibilityGlobals) = postSolution
		SolutionGuid = {5312F166-4694-45D5-B13C-75B2A08AEC34}
	EndGlobalSection
EndGlobal
